
Microsoft Visual Studio Solution File, Format Version 12.00
# Visual Studio Version 16
VisualStudioVersion = 16.0.30907.101
MinimumVisualStudioVersion = 10.0.40219.1
Project("{9A19103F-16F7-4668-BE54-9A1E7A4F7556}") = "Api", "Api\Api.csproj", "{19CD7BAB-1082-495C-9BDA-62DE0AFD1E12}"
EndProject
Project("{9A19103F-16F7-4668-BE54-9A1E7A4F7556}") = "Application", "Application\Application.csproj", "{9E43739C-9FC8-4BDE-AE92-012F1A912F0C}"
EndProject
Project("{9A19103F-16F7-4668-BE54-9A1E7A4F7556}") = "Domain", "Domain\Domain.csproj", "{961DF519-E327-4CB2-914D-67F3A9C0F011}"
EndProject
Project("{9A19103F-16F7-4668-BE54-9A1E7A4F7556}") = "Infrastructure", "Infrastructure\Infrastructure.csproj", "{F86FE5F8-8B37-43EC-A978-8DA423D46B38}"
EndProject
Project("{2150E333-8FDC-42A3-9474-1A3956D46DE8}") = "src", "src", "{83520CF4-1AA4-40B2-9C2A-040D0F010FC2}"
	ProjectSection(SolutionItems) = preProject
		azure-pipelines.yml = azure-pipelines.yml
	EndProjectSection
EndProject
Project("{2150E333-8FDC-42A3-9474-1A3956D46DE8}") = "tests", "tests", "{CADD07CD-EAD0-4DC3-BBAE-5859503E7D27}"
EndProject
Project("{9A19103F-16F7-4668-BE54-9A1E7A4F7556}") = "UnitTests", "UnitTests\UnitTests.csproj", "{48E3DBC6-215B-4B99-8EF6-0C99B042CABB}"
EndProject
Project("{9A19103F-16F7-4668-BE54-9A1E7A4F7556}") = "EndToEndTests", "EndToEndTests\EndToEndTests.csproj", "{231EEBB6-B91D-41D3-A93F-6116D3B91102}"
EndProject
Global
	GlobalSection(SolutionConfigurationPlatforms) = preSolution
		Debug|Any CPU = Debug|Any CPU
		Release|Any CPU = Release|Any CPU
	EndGlobalSection
	GlobalSection(ProjectConfigurationPlatforms) = postSolution
		{19CD7BAB-1082-495C-9BDA-62DE0AFD1E12}.Debug|Any CPU.ActiveCfg = Debug|Any CPU
		{19CD7BAB-1082-495C-9BDA-62DE0AFD1E12}.Debug|Any CPU.Build.0 = Debug|Any CPU
		{19CD7BAB-1082-495C-9BDA-62DE0AFD1E12}.Release|Any CPU.ActiveCfg = Release|Any CPU
		{19CD7BAB-1082-495C-9BDA-62DE0AFD1E12}.Release|Any CPU.Build.0 = Release|Any CPU
		{9E43739C-9FC8-4BDE-AE92-012F1A912F0C}.Debug|Any CPU.ActiveCfg = Debug|Any CPU
		{9E43739C-9FC8-4BDE-AE92-012F1A912F0C}.Debug|Any CPU.Build.0 = Debug|Any CPU
		{9E43739C-9FC8-4BDE-AE92-012F1A912F0C}.Release|Any CPU.ActiveCfg = Release|Any CPU
		{9E43739C-9FC8-4BDE-AE92-012F1A912F0C}.Release|Any CPU.Build.0 = Release|Any CPU
		{961DF519-E327-4CB2-914D-67F3A9C0F011}.Debug|Any CPU.ActiveCfg = Debug|Any CPU
		{961DF519-E327-4CB2-914D-67F3A9C0F011}.Debug|Any CPU.Build.0 = Debug|Any CPU
		{961DF519-E327-4CB2-914D-67F3A9C0F011}.Release|Any CPU.ActiveCfg = Release|Any CPU
		{961DF519-E327-4CB2-914D-67F3A9C0F011}.Release|Any CPU.Build.0 = Release|Any CPU
		{F86FE5F8-8B37-43EC-A978-8DA423D46B38}.Debug|Any CPU.ActiveCfg = Debug|Any CPU
		{F86FE5F8-8B37-43EC-A978-8DA423D46B38}.Debug|Any CPU.Build.0 = Debug|Any CPU
		{F86FE5F8-8B37-43EC-A978-8DA423D46B38}.Release|Any CPU.ActiveCfg = Release|Any CPU
		{F86FE5F8-8B37-43EC-A978-8DA423D46B38}.Release|Any CPU.Build.0 = Release|Any CPU
		{48E3DBC6-215B-4B99-8EF6-0C99B042CABB}.Debug|Any CPU.ActiveCfg = Debug|Any CPU
		{48E3DBC6-215B-4B99-8EF6-0C99B042CABB}.Debug|Any CPU.Build.0 = Debug|Any CPU
		{48E3DBC6-215B-4B99-8EF6-0C99B042CABB}.Release|Any CPU.ActiveCfg = Release|Any CPU
		{48E3DBC6-215B-4B99-8EF6-0C99B042CABB}.Release|Any CPU.Build.0 = Release|Any CPU
		{231EEBB6-B91D-41D3-A93F-6116D3B91102}.Debug|Any CPU.ActiveCfg = Debug|Any CPU
		{231EEBB6-B91D-41D3-A93F-6116D3B91102}.Debug|Any CPU.Build.0 = Debug|Any CPU
		{231EEBB6-B91D-41D3-A93F-6116D3B91102}.Release|Any CPU.ActiveCfg = Release|Any CPU
		{231EEBB6-B91D-41D3-A93F-6116D3B91102}.Release|Any CPU.Build.0 = Release|Any CPU
	EndGlobalSection
	GlobalSection(SolutionProperties) = preSolution
		HideSolutionNode = FALSE
	EndGlobalSection
	GlobalSection(NestedProjects) = preSolution
		{19CD7BAB-1082-495C-9BDA-62DE0AFD1E12} = {83520CF4-1AA4-40B2-9C2A-040D0F010FC2}
		{9E43739C-9FC8-4BDE-AE92-012F1A912F0C} = {83520CF4-1AA4-40B2-9C2A-040D0F010FC2}
		{961DF519-E327-4CB2-914D-67F3A9C0F011} = {83520CF4-1AA4-40B2-9C2A-040D0F010FC2}
		{F86FE5F8-8B37-43EC-A978-8DA423D46B38} = {83520CF4-1AA4-40B2-9C2A-040D0F010FC2}
		{48E3DBC6-215B-4B99-8EF6-0C99B042CABB} = {CADD07CD-EAD0-4DC3-BBAE-5859503E7D27}
		{231EEBB6-B91D-41D3-A93F-6116D3B91102} = {CADD07CD-EAD0-4DC3-BBAE-5859503E7D27}
	EndGlobalSection
	GlobalSection(ExtensibilityGlobals) = postSolution
		SolutionGuid = {A41474B8-BA3F-4730-B165-24C9B5D135CA}
	EndGlobalSection
EndGlobal
